github.com/ohko/logger v0.2.11-0.20200824093615-157b51a0d33f h1:gIaVHE32ARpSiv66RNNKPQ3FXPe84mKrBOySW3cC2Cw=
github.com/ohko/logger v0.2.11-0.20200824093615-157b51a0d33f/go.mod h1:1jxOt4Jtt6LHo6+6JEZhYiL+VPJb5+oM5Elq+Kl93No=
github.com/ohko/omsg v1.2.3 h1:oBlzSnQ0xqz96iiWkICIKLMxCIuWz3hBBAzP0kqhCus=
github.com/ohko/omsg v1.2.3/go.mod h1:8rW36bzGt+tdPlxN2q9wdn0F2nqbsEpuwSeJnbNOZh8=
